
Microsoft Visual Studio Solution File, Format Version 12.00
# Visual Studio Version 17
VisualStudioVersion = 17.0.31903.59
MinimumVisualStudioVersion = 10.0.40219.1
Project("{2150E333-8FDC-42A3-9474-1A3956D46DE8}") = "src", "src", "{827E0CD3-B72D-47B6-A68D-7590B98EB39B}"
EndProject
Project("{FAE04EC0-301F-11D3-BF4B-00C04F79EFBC}") = "PhoneLinkPC.Core", "src\PhoneLinkPC.Core\PhoneLinkPC.Core.csproj", "{89B98429-3863-46D1-9996-79937B0FA2AC}"
EndProject
Project("{FAE04EC0-301F-11D3-BF4B-00C04F79EFBC}") = "PhoneLinkPC.Infrastructure", "src\PhoneLinkPC.Infrastructure\PhoneLinkPC.Infrastructure.csproj", "{4FD93477-2217-4254-B076-C64205682A3F}"
EndProject
Project("{FAE04EC0-301F-11D3-BF4B-00C04F79EFBC}") = "PhoneLinkPC.Platform.Windows", "src\PhoneLinkPC.Platform.Windows\PhoneLinkPC.Platform.Windows.csproj", "{278600D4-DA91-45A2-8A85-923A50F45A16}"
EndProject
Project("{FAE04EC0-301F-11D3-BF4B-00C04F79EFBC}") = "PhoneLinkPC.Platform.Linux", "src\PhoneLinkPC.Platform.Linux\PhoneLinkPC.Platform.Linux.csproj", "{154FC750-A7A0-46BB-A23E-6D8AB13679B4}"
EndProject
Project("{FAE04EC0-301F-11D3-BF4B-00C04F79EFBC}") = "PhoneLinkPC.App", "src\PhoneLinkPC.App\PhoneLinkPC.App.csproj", "{3C8A1C84-139C-40ED-8660-EC24D635C575}"
EndProject
Project("{2150E333-8FDC-42A3-9474-1A3956D46DE8}") = "tools", "tools", "{07C2787E-EAC7-C090-1BA3-A61EC2A24D84}"
EndProject
Project("{FAE04EC0-301F-11D3-BF4B-00C04F79EFBC}") = "PhoneLinkPC.Diagnostics.Cli", "tools\PhoneLinkPC.Diagnostics.Cli\PhoneLinkPC.Diagnostics.Cli.csproj", "{96132E1F-88BB-497C-A63B-15BA389C1947}"
EndProject
Project("{2150E333-8FDC-42A3-9474-1A3956D46DE8}") = "tests", "tests", "{0AB3BF05-4346-4AA6-1389-037BE0695223}"
EndProject
Project("{FAE04EC0-301F-11D3-BF4B-00C04F79EFBC}") = "PhoneLinkPC.Core.Tests", "tests\PhoneLinkPC.Core.Tests\PhoneLinkPC.Core.Tests.csproj", "{19CA4186-282D-4939-AA74-A1947F51C652}"
EndProject
Global
	GlobalSection(SolutionConfigurationPlatforms) = preSolution
		Debug|Any CPU = Debug|Any CPU
		Debug|x64 = Debug|x64
		Debug|x86 = Debug|x86
		Release|Any CPU = Release|Any CPU
		Release|x64 = Release|x64
		Release|x86 = Release|x86
	EndGlobalSection
	GlobalSection(ProjectConfigurationPlatforms) = postSolution
		{89B98429-3863-46D1-9996-79937B0FA2AC}.Debug|Any CPU.ActiveCfg = Debug|Any CPU
		{89B98429-3863-46D1-9996-79937B0FA2AC}.Debug|Any CPU.Build.0 = Debug|Any CPU
		{89B98429-3863-46D1-9996-79937B0FA2AC}.Debug|x64.ActiveCfg = Debug|Any CPU
		{89B98429-3863-46D1-9996-79937B0FA2AC}.Debug|x64.Build.0 = Debug|Any CPU
		{89B98429-3863-46D1-9996-79937B0FA2AC}.Debug|x86.ActiveCfg = Debug|Any CPU
		{89B98429-3863-46D1-9996-79937B0FA2AC}.Debug|x86.Build.0 = Debug|Any CPU
		{89B98429-3863-46D1-9996-79937B0FA2AC}.Release|Any CPU.ActiveCfg = Release|Any CPU
		{89B98429-3863-46D1-9996-79937B0FA2AC}.Release|Any CPU.Build.0 = Release|Any CPU
		{89B98429-3863-46D1-9996-79937B0FA2AC}.Release|x64.ActiveCfg = Release|Any CPU
		{89B98429-3863-46D1-9996-79937B0FA2AC}.Release|x64.Build.0 = Release|Any CPU
		{89B98429-3863-46D1-9996-79937B0FA2AC}.Release|x86.ActiveCfg = Release|Any CPU
		{89B98429-3863-46D1-9996-79937B0FA2AC}.Release|x86.Build.0 = Release|Any CPU
		{4FD93477-2217-4254-B076-C64205682A3F}.Debug|Any CPU.ActiveCfg = Debug|Any CPU
		{4FD93477-2217-4254-B076-C64205682A3F}.Debug|Any CPU.Build.0 = Debug|Any CPU
		{4FD93477-2217-4254-B076-C64205682A3F}.Debug|x64.ActiveCfg = Debug|Any CPU
		{4FD93477-2217-4254-B076-C64205682A3F}.Debug|x64.Build.0 = Debug|Any CPU
		{4FD93477-2217-4254-B076-C64205682A3F}.Debug|x86.ActiveCfg = Debug|Any CPU
		{4FD93477-2217-4254-B076-C64205682A3F}.Debug|x86.Build.0 = Debug|Any CPU
		{4FD93477-2217-4254-B076-C64205682A3F}.Release|Any CPU.ActiveCfg = Release|Any CPU
		{4FD93477-2217-4254-B076-C64205682A3F}.Release|Any CPU.Build.0 = Release|Any CPU
		{4FD93477-2217-4254-B076-C64205682A3F}.Release|x64.ActiveCfg = Release|Any CPU
		{4FD93477-2217-4254-B076-C64205682A3F}.Release|x64.Build.0 = Release|Any CPU
		{4FD93477-2217-4254-B076-C64205682A3F}.Release|x86.ActiveCfg = Release|Any CPU
		{4FD93477-2217-4254-B076-C64205682A3F}.Release|x86.Build.0 = Release|Any CPU
		{278600D4-DA91-45A2-8A85-923A50F45A16}.Debug|Any CPU.ActiveCfg = Debug|Any CPU
		{278600D4-DA91-45A2-8A85-923A50F45A16}.Debug|Any CPU.Build.0 = Debug|Any CPU
		{278600D4-DA91-45A2-8A85-923A50F45A16}.Debug|x64.ActiveCfg = Debug|Any CPU
		{278600D4-DA91-45A2-8A85-923A50F45A16}.Debug|x64.Build.0 = Debug|Any CPU
		{278600D4-DA91-45A2-8A85-923A50F45A16}.Debug|x86.ActiveCfg = Debug|Any CPU
		{278600D4-DA91-45A2-8A85-923A50F45A16}.Debug|x86.Build.0 = Debug|Any CPU
		{278600D4-DA91-45A2-8A85-923A50F45A16}.Release|Any CPU.ActiveCfg = Release|Any CPU
		{278600D4-DA91-45A2-8A85-923A50F45A16}.Release|Any CPU.Build.0 = Release|Any CPU
		{278600D4-DA91-45A2-8A85-923A50F45A16}.Release|x64.ActiveCfg = Release|Any CPU
		{278600D4-DA91-45A2-8A85-923A50F45A16}.Release|x64.Build.0 = Release|Any CPU
		{278600D4-DA91-45A2-8A85-923A50F45A16}.Release|x86.ActiveCfg = Release|Any CPU
		{278600D4-DA91-45A2-8A85-923A50F45A16}.Release|x86.Build.0 = Release|Any CPU
		{154FC750-A7A0-46BB-A23E-6D8AB13679B4}.Debug|Any CPU.ActiveCfg = Debug|Any CPU
		{154FC750-A7A0-46BB-A23E-6D8AB13679B4}.Debug|Any CPU.Build.0 = Debug|Any CPU
		{154FC750-A7A0-46BB-A23E-6D8AB13679B4}.Debug|x64.ActiveCfg = Debug|Any CPU
		{154FC750-A7A0-46BB-A23E-6D8AB13679B4}.Debug|x64.Build.0 = Debug|Any CPU
		{154FC750-A7A0-46BB-A23E-6D8AB13679B4}.Debug|x86.ActiveCfg = Debug|Any CPU
		{154FC750-A7A0-46BB-A23E-6D8AB13679B4}.Debug|x86.Build.0 = Debug|Any CPU
		{154FC750-A7A0-46BB-A23E-6D8AB13679B4}.Release|Any CPU.ActiveCfg = Release|Any CPU
		{154FC750-A7A0-46BB-A23E-6D8AB13679B4}.Release|Any CPU.Build.0 = Release|Any CPU
		{154FC750-A7A0-46BB-A23E-6D8AB13679B4}.Release|x64.ActiveCfg = Release|Any CPU
		{154FC750-A7A0-46BB-A23E-6D8AB13679B4}.Release|x64.Build.0 = Release|Any CPU
		{154FC750-A7A0-46BB-A23E-6D8AB13679B4}.Release|x86.ActiveCfg = Release|Any CPU
		{154FC750-A7A0-46BB-A23E-6D8AB13679B4}.Release|x86.Build.0 = Release|Any CPU
		{3C8A1C84-139C-40ED-8660-EC24D635C575}.Debug|Any CPU.ActiveCfg = Debug|Any CPU
		{3C8A1C84-139C-40ED-8660-EC24D635C575}.Debug|Any CPU.Build.0 = Debug|Any CPU
		{3C8A1C84-139C-40ED-8660-EC24D635C575}.Debug|x64.ActiveCfg = Debug|Any CPU
		{3C8A1C84-139C-40ED-8660-EC24D635C575}.Debug|x64.Build.0 = Debug|Any CPU
		{3C8A1C84-139C-40ED-8660-EC24D635C575}.Debug|x86.ActiveCfg = Debug|Any CPU
		{3C8A1C84-139C-40ED-8660-EC24D635C575}.Debug|x86.Build.0 = Debug|Any CPU
		{3C8A1C84-139C-40ED-8660-EC24D635C575}.Release|Any CPU.ActiveCfg = Release|Any CPU
		{3C8A1C84-139C-40ED-8660-EC24D635C575}.Release|Any CPU.Build.0 = Release|Any CPU
		{3C8A1C84-139C-40ED-8660-EC24D635C575}.Release|x64.ActiveCfg = Release|Any CPU
		{3C8A1C84-139C-40ED-8660-EC24D635C575}.Release|x64.Build.0 = Release|Any CPU
		{3C8A1C84-139C-40ED-8660-EC24D635C575}.Release|x86.ActiveCfg = Release|Any CPU
		{3C8A1C84-139C-40ED-8660-EC24D635C575}.Release|x86.Build.0 = Release|Any CPU
		{96132E1F-88BB-497C-A63B-15BA389C1947}.Debug|Any CPU.ActiveCfg = Debug|Any CPU
		{96132E1F-88BB-497C-A63B-15BA389C1947}.Debug|Any CPU.Build.0 = Debug|Any CPU
		{96132E1F-88BB-497C-A63B-15BA389C1947}.Debug|x64.ActiveCfg = Debug|Any CPU
		{96132E1F-88BB-497C-A63B-15BA389C1947}.Debug|x64.Build.0 = Debug|Any CPU
		{96132E1F-88BB-497C-A63B-15BA389C1947}.Debug|x86.ActiveCfg = Debug|Any CPU
		{96132E1F-88BB-497C-A63B-15BA389C1947}.Debug|x86.Build.0 = Debug|Any CPU
		{96132E1F-88BB-497C-A63B-15BA389C1947}.Release|Any CPU.ActiveCfg = Release|Any CPU
		{96132E1F-88BB-497C-A63B-15BA389C1947}.Release|Any CPU.Build.0 = Release|Any CPU
		{96132E1F-88BB-497C-A63B-15BA389C1947}.Release|x64.ActiveCfg = Release|Any CPU
		{96132E1F-88BB-497C-A63B-15BA389C1947}.Release|x64.Build.0 = Release|Any CPU
		{96132E1F-88BB-497C-A63B-15BA389C1947}.Release|x86.ActiveCfg = Release|Any CPU
		{96132E1F-88BB-497C-A63B-15BA389C1947}.Release|x86.Build.0 = Release|Any CPU
		{19CA4186-282D-4939-AA74-A1947F51C652}.Debug|Any CPU.ActiveCfg = Debug|Any CPU
		{19CA4186-282D-4939-AA74-A1947F51C652}.Debug|Any CPU.Build.0 = Debug|Any CPU
		{19CA4186-282D-4939-AA74-A1947F51C652}.Debug|x64.ActiveCfg = Debug|Any CPU
		{19CA4186-282D-4939-AA74-A1947F51C652}.Debug|x64.Build.0 = Debug|Any CPU
		{19CA4186-282D-4939-AA74-A1947F51C652}.Debug|x86.ActiveCfg = Debug|Any CPU
		{19CA4186-282D-4939-AA74-A1947F51C652}.Debug|x86.Build.0 = Debug|Any CPU
		{19CA4186-282D-4939-AA74-A1947F51C652}.Release|Any CPU.ActiveCfg = Release|Any CPU
		{19CA4186-282D-4939-AA74-A1947F51C652}.Release|Any CPU.Build.0 = Release|Any CPU
		{19CA4186-282D-4939-AA74-A1947F51C652}.Release|x64.ActiveCfg = Release|Any CPU
		{19CA4186-282D-4939-AA74-A1947F51C652}.Release|x64.Build.0 = Release|Any CPU
		{19CA4186-282D-4939-AA74-A1947F51C652}.Release|x86.ActiveCfg = Release|Any CPU
		{19CA4186-282D-4939-AA74-A1947F51C652}.Release|x86.Build.0 = Release|Any CPU
	EndGlobalSection
	GlobalSection(SolutionProperties) = preSolution
		HideSolutionNode = FALSE
	EndGlobalSection
	GlobalSection(NestedProjects) = preSolution
		{89B98429-3863-46D1-9996-79937B0FA2AC} = {827E0CD3-B72D-47B6-A68D-7590B98EB39B}
		{4FD93477-2217-4254-B076-C64205682A3F} = {827E0CD3-B72D-47B6-A68D-7590B98EB39B}
		{278600D4-DA91-45A2-8A85-923A50F45A16} = {827E0CD3-B72D-47B6-A68D-7590B98EB39B}
		{154FC750-A7A0-46BB-A23E-6D8AB13679B4} = {827E0CD3-B72D-47B6-A68D-7590B98EB39B}
		{3C8A1C84-139C-40ED-8660-EC24D635C575} = {827E0CD3-B72D-47B6-A68D-7590B98EB39B}
		{96132E1F-88BB-497C-A63B-15BA389C1947} = {07C2787E-EAC7-C090-1BA3-A61EC2A24D84}
		{19CA4186-282D-4939-AA74-A1947F51C652} = {0AB3BF05-4346-4AA6-1389-037BE0695223}
	EndGlobalSection
EndGlobal
